
Microsoft Visual Studio Solution File, Format Version 12.00
# Visual Studio Version 17
VisualStudioVersion = 17.9.34723.18
MinimumVisualStudioVersion = 10.0.40219.1
Project("{FAE04EC0-301F-11D3-BF4B-00C04F79EFBC}") = "HelloWorld", "HelloWorld.csproj", "{FB33322D-F934-4CBD-BA05-F382F9C204ED}"
EndProject
Global
	GlobalSection(SolutionConfigurationPlatforms) = preSolution
		Debug|Any CPU = Debug|Any CPU
		Release|Any CPU = Release|Any CPU
	EndGlobalSection
	GlobalSection(ProjectConfigurationPlatforms) = postSolution
		{FB33322D-F934-4CBD-BA05-F382F9C204ED}.Debug|Any CPU.ActiveCfg = Debug|Any CPU
		{FB33322D-F934-4CBD-BA05-F382F9C204ED}.Debug|Any CPU.Build.0 = Debug|Any CPU
		{FB33322D-F934-4CBD-BA05-F382F9C204ED}.Release|Any CPU.ActiveCfg = Release|Any CPU
		{FB33322D-F934-4CBD-BA05-F382F9C204ED}.Release|Any CPU.Build.0 = Release|Any CPU
	EndGlobalSection
	GlobalSection(SolutionProperties) = preSolution
		HideSolutionNode = FALSE
	EndGlobalSection
	GlobalSection(ExtensibilityGlobals) = postSolution
		SolutionGuid = {7B833854-A26B-470A-893B-CF2791D98909}
	EndGlobalSection
EndGlobal
